// !$*UTF8*$!
{
	archiveVersion = 1;
	classes = {
	};
	objectVersion = 77;
	objects = {

/* Begin PBXBuildFile section */
		8963D03C2DC6CE1C00E3430E /* LearnView.swift in Sources */ = {isa = PBXBuildFile; fileRef = 8963D03B2DC6CE1C00E3430E /* LearnView.swift */; };
		8963D03E2DC7DEBB00E3430E /* StoreKit.framework in Frameworks */ = {isa = PBXBuildFile; fileRef = 8963D03D2DC7DEBB00E3430E /* StoreKit.framework */; };
		8963D0422DC9287D00E3430E /* ImageWidgets.swift in Sources */ = {isa = PBXBuildFile; fileRef = 8963D0412DC9287600E3430E /* ImageWidgets.swift */; };
		8963D04A2DC9BA2900E3430E /* StorageService.swift in Sources */ = {isa = PBXBuildFile; fileRef = 8963D0492DC9BA2900E3430E /* StorageService.swift */; };
		8963D0542DCA65D100E3430E /* NewImageView.swift in Sources */ = {isa = PBXBuildFile; fileRef = 8963D0532DCA65D100E3430E /* NewImageView.swift */; };
		8963D0582DCA679C00E3430E /* WidgetPreviews.swift in Sources */ = {isa = PBXBuildFile; fileRef = 8963D0572DCA679C00E3430E /* WidgetPreviews.swift */; };
		8963D0792DD10B7500E3430E /* HomeView.swift in Sources */ = {isa = PBXBuildFile; fileRef = 8963D0782DD10B7500E3430E /* HomeView.swift */; };
		8963D0822DD11BD200E3430E /* HomeViewModel.swift in Sources */ = {isa = PBXBuildFile; fileRef = 8963D0812DD11BCB00E3430E /* HomeViewModel.swift */; };
		896C61CE2DD42E52003C6EA9 /* EmergencyWidgets.swift in Sources */ = {isa = PBXBuildFile; fileRef = 896C61CD2DD42E4E003C6EA9 /* EmergencyWidgets.swift */; };
		89AA09BA2DBEA93600308F1E /* Assets.xcassets in Resources */ = {isa = PBXBuildFile; fileRef = 89AA09B62DBEA93600308F1E /* Assets.xcassets */; };
		89AA09BC2DBEA93600308F1E /* MotiveApp.swift in Sources */ = {isa = PBXBuildFile; fileRef = 89AA09B82DBEA93600308F1E /* MotiveApp.swift */; };
		89AA09C52DBEC98B00308F1E /* SettingsView.swift in Sources */ = {isa = PBXBuildFile; fileRef = 89AA09C42DBEC98B00308F1E /* SettingsView.swift */; };
		89AA09CD2DBEC9E000308F1E /* LandingPageView.swift in Sources */ = {isa = PBXBuildFile; fileRef = 89AA09CC2DBEC9E000308F1E /* LandingPageView.swift */; };
		89AA09CF2DBEC9E700308F1E /* LoggedInView.swift in Sources */ = {isa = PBXBuildFile; fileRef = 89AA09CE2DBEC9E700308F1E /* LoggedInView.swift */; };
		89AA09D22DBECA1A00308F1E /* Auth in Frameworks */ = {isa = PBXBuildFile; productRef = 89AA09D12DBECA1A00308F1E /* Auth */; };
		89AA09D42DBECA1A00308F1E /* Functions in Frameworks */ = {isa = PBXBuildFile; productRef = 89AA09D32DBECA1A00308F1E /* Functions */; };
		89AA09D62DBECA1A00308F1E /* PostgREST in Frameworks */ = {isa = PBXBuildFile; productRef = 89AA09D52DBECA1A00308F1E /* PostgREST */; };
		89AA09D82DBECA1A00308F1E /* Realtime in Frameworks */ = {isa = PBXBuildFile; productRef = 89AA09D72DBECA1A00308F1E /* Realtime */; };
		89AA09DA2DBECA1A00308F1E /* Storage in Frameworks */ = {isa = PBXBuildFile; productRef = 89AA09D92DBECA1A00308F1E /* Storage */; };
		89AA09DC2DBECA1A00308F1E /* Supabase in Frameworks */ = {isa = PBXBuildFile; productRef = 89AA09DB2DBECA1A00308F1E /* Supabase */; };
		89AA09DF2DBECA2A00308F1E /* SuperwallKit in Frameworks */ = {isa = PBXBuildFile; productRef = 89AA09DE2DBECA2A00308F1E /* SuperwallKit */; };
		89AA09E92DBECA7C00308F1E /* UserViewModel.swift in Sources */ = {isa = PBXBuildFile; fileRef = 89AA09E82DBECA7800308F1E /* UserViewModel.swift */; };
		89AA09EC2DBECAA500308F1E /* UserService.swift in Sources */ = {isa = PBXBuildFile; fileRef = 89AA09EB2DBECAA200308F1E /* UserService.swift */; };
		89AA09EE2DBECABC00308F1E /* SupabaseService.swift in Sources */ = {isa = PBXBuildFile; fileRef = 89AA09ED2DBECABA00308F1E /* SupabaseService.swift */; };
		89AA09F52DBECB9700308F1E /* User.swift in Sources */ = {isa = PBXBuildFile; fileRef = 89AA09F42DBECB9700308F1E /* User.swift */; };
		89AA09F82DBECC0300308F1E /* Design.swift in Sources */ = {isa = PBXBuildFile; fileRef = 89AA09F72DBECC0200308F1E /* Design.swift */; };
		89AA09FB2DBECC3400308F1E /* NavigationViews.swift in Sources */ = {isa = PBXBuildFile; fileRef = 89AA09FA2DBECC3100308F1E /* NavigationViews.swift */; };
		89AA09FD2DBECC3800308F1E /* Navigation.swift in Sources */ = {isa = PBXBuildFile; fileRef = 89AA09FC2DBECC3600308F1E /* Navigation.swift */; };
		89AA09FF2DBECC3F00308F1E /* NavigationTypes.swift in Sources */ = {isa = PBXBuildFile; fileRef = 89AA09FE2DBECC3B00308F1E /* NavigationTypes.swift */; };
		89AA0A012DBECC8200308F1E /* OnboardingViewModel.swift in Sources */ = {isa = PBXBuildFile; fileRef = 89AA0A002DBECC7B00308F1E /* OnboardingViewModel.swift */; };
		89AA0A032DBED19B00308F1E /* InspirationView.swift in Sources */ = {isa = PBXBuildFile; fileRef = 89AA0A022DBED19B00308F1E /* InspirationView.swift */; };
		89AA0A092DBED1D600308F1E /* PersonalizingView.swift in Sources */ = {isa = PBXBuildFile; fileRef = 89AA0A082DBED1D600308F1E /* PersonalizingView.swift */; };
		89AA0A0B2DBED1E200308F1E /* CustomizedView.swift in Sources */ = {isa = PBXBuildFile; fileRef = 89AA0A0A2DBED1E200308F1E /* CustomizedView.swift */; };
		89AA0A0D2DBED23900308F1E /* CreateAccountView.swift in Sources */ = {isa = PBXBuildFile; fileRef = 89AA0A0C2DBED23900308F1E /* CreateAccountView.swift */; };
		89AA0A0F2DBED24000308F1E /* SignInView.swift in Sources */ = {isa = PBXBuildFile; fileRef = 89AA0A0E2DBED24000308F1E /* SignInView.swift */; };
		89AA0A112DBED24900308F1E /* OneTimeCodeView.swift in Sources */ = {isa = PBXBuildFile; fileRef = 89AA0A102DBED24900308F1E /* OneTimeCodeView.swift */; };
		89AA0A142DBED29900308F1E /* StyledButton.swift in Sources */ = {isa = PBXBuildFile; fileRef = 89AA0A132DBED29900308F1E /* StyledButton.swift */; };
		89AA0A162DBED2A900308F1E /* SelectRow.swift in Sources */ = {isa = PBXBuildFile; fileRef = 89AA0A152DBED2A900308F1E /* SelectRow.swift */; };
		89AA0A182DBED2E400308F1E /* WidgetsView.swift in Sources */ = {isa = PBXBuildFile; fileRef = 89AA0A172DBED2E400308F1E /* WidgetsView.swift */; };
		89AA0A232DBF138300308F1E /* MotiveStorekit.storekit in Resources */ = {isa = PBXBuildFile; fileRef = 89AA0A222DBF138300308F1E /* MotiveStorekit.storekit */; };
		89AA0A2B2DBF2E1700308F1E /* WelcomeView.swift in Sources */ = {isa = PBXBuildFile; fileRef = 89AA0A2A2DBF2E1700308F1E /* WelcomeView.swift */; };
		89AA0A332DBF305600308F1E /* MultiSelectRow.swift in Sources */ = {isa = PBXBuildFile; fileRef = 89AA0A322DBF305600308F1E /* MultiSelectRow.swift */; };
		89AA0A372DBF327100308F1E /* AddWidgetsView.swift in Sources */ = {isa = PBXBuildFile; fileRef = 89AA0A362DBF327100308F1E /* AddWidgetsView.swift */; };
		89B649A42DD24CD300A45A50 /* AppDelegate.swift in Sources */ = {isa = PBXBuildFile; fileRef = 89B649A32DD24CD100A45A50 /* AppDelegate.swift */; };
		89B649A62DD26F8B00A45A50 /* AccountableView.swift in Sources */ = {isa = PBXBuildFile; fileRef = 89B649A52DD26F8B00A45A50 /* AccountableView.swift */; };
		89B649AA2DD2979400A45A50 /* PreventingView.swift in Sources */ = {isa = PBXBuildFile; fileRef = 89B649A92DD2979400A45A50 /* PreventingView.swift */; };
		89B649AE2DD2E1AE00A45A50 /* TestView.swift in Sources */ = {isa = PBXBuildFile; fileRef = 89B649AD2DD2E1AE00A45A50 /* TestView.swift */; };
		89B649B12DD2E25E00A45A50 /* TestViewModel.swift in Sources */ = {isa = PBXBuildFile; fileRef = 89B649B02DD2E25B00A45A50 /* TestViewModel.swift */; };
		89B649B32DD2E32100A45A50 /* NotificationService.swift in Sources */ = {isa = PBXBuildFile; fileRef = 89B649B22DD2E31E00A45A50 /* NotificationService.swift */; };
		89B649B52DD3B9D800A45A50 /* EmergencyView.swift in Sources */ = {isa = PBXBuildFile; fileRef = 89B649B42DD3B9D800A45A50 /* EmergencyView.swift */; };
		89B649B72DD41C9200A45A50 /* EmergencyViewModel.swift in Sources */ = {isa = PBXBuildFile; fileRef = 89B649B62DD41C8E00A45A50 /* EmergencyViewModel.swift */; };
		89B649BA2DD4280900A45A50 /* SheetNavigation.swift in Sources */ = {isa = PBXBuildFile; fileRef = 89B649B92DD4280700A45A50 /* SheetNavigation.swift */; };
		89B649BC2DD4280F00A45A50 /* SheetNavigationViews.swift in Sources */ = {isa = PBXBuildFile; fileRef = 89B649BB2DD4280C00A45A50 /* SheetNavigationViews.swift */; };
		89CBB2262DC460DD0034873F /* NewQuoteView.swift in Sources */ = {isa = PBXBuildFile; fileRef = 89CBB2252DC460DD0034873F /* NewQuoteView.swift */; };
		89CBB22C2DC52A380034873F /* QuoteService.swift in Sources */ = {isa = PBXBuildFile; fileRef = 89CBB22B2DC52A340034873F /* QuoteService.swift */; };
		89CBB2322DC55C790034873F /* BackgroundService.swift in Sources */ = {isa = PBXBuildFile; fileRef = 89CBB2312DC55C750034873F /* BackgroundService.swift */; };
		89FC6E9C2DBFE79A0058B906 /* EnterGoalsView.swift in Sources */ = {isa = PBXBuildFile; fileRef = 89FC6E9B2DBFE79A0058B906 /* EnterGoalsView.swift */; };
		89FC6EA42DC020DF0058B906 /* SubscriptionService.swift in Sources */ = {isa = PBXBuildFile; fileRef = 89FC6EA32DC020C80058B906 /* SubscriptionService.swift */; };
		89FC6EB12DC12F350058B906 /* WidgetsViewModel.swift in Sources */ = {isa = PBXBuildFile; fileRef = 89FC6EB02DC12F320058B906 /* WidgetsViewModel.swift */; };
		89FC6EB32DC130F60058B906 /* APIService.swift in Sources */ = {isa = PBXBuildFile; fileRef = 89FC6EB22DC130E60058B906 /* APIService.swift */; };
		89FC6EBB2DC135970058B906 /* WidgetKit.framework in Frameworks */ = {isa = PBXBuildFile; fileRef = 89FC6EBA2DC135970058B906 /* WidgetKit.framework */; };
		89FC6EBD2DC135970058B906 /* SwiftUI.framework in Frameworks */ = {isa = PBXBuildFile; fileRef = 89FC6EBC2DC135970058B906 /* SwiftUI.framework */; };
		89FC6ECE2DC135990058B906 /* MotiveWidgetsExtension.appex in Embed Foundation Extensions */ = {isa = PBXBuildFile; fileRef = 89FC6EB82DC135970058B906 /* MotiveWidgetsExtension.appex */; settings = {ATTRIBUTES = (RemoveHeadersOnCopy, ); }; };
		89FC6EDC2DC135B80058B906 /* Assets.xcassets in Resources */ = {isa = PBXBuildFile; fileRef = 89FC6ED52DC135B80058B906 /* Assets.xcassets */; };
		89FC6EDE2DC135B80058B906 /* AppIntent.swift in Sources */ = {isa = PBXBuildFile; fileRef = 89FC6ED42DC135B80058B906 /* AppIntent.swift */; };
		89FC6EDF2DC135B80058B906 /* QuoteWidgets.swift in Sources */ = {isa = PBXBuildFile; fileRef = 89FC6ED72DC135B80058B906 /* QuoteWidgets.swift */; };
		89FC6EE02DC135B80058B906 /* MotiveWidgetsBundle.swift in Sources */ = {isa = PBXBuildFile; fileRef = 89FC6ED82DC135B80058B906 /* MotiveWidgetsBundle.swift */; };
		89FC6EE12DC135B80058B906 /* MotiveWidgetsControl.swift in Sources */ = {isa = PBXBuildFile; fileRef = 89FC6ED92DC135B80058B906 /* MotiveWidgetsControl.swift */; };
		89FC6EE22DC135B80058B906 /* MotiveWidgetsLiveActivity.swift in Sources */ = {isa = PBXBuildFile; fileRef = 89FC6EDA2DC135B80058B906 /* MotiveWidgetsLiveActivity.swift */; };
		89FC6EF02DC2D4070058B906 /* RowWithHeader.swift in Sources */ = {isa = PBXBuildFile; fileRef = 89FC6EEF2DC2D4070058B906 /* RowWithHeader.swift */; };
		89FC6EF82DC2F5E70058B906 /* APIResponse.swift in Sources */ = {isa = PBXBuildFile; fileRef = 89FC6EF72DC2F5DF0058B906 /* APIResponse.swift */; };
		89FC6F042DC3CB910058B906 /* InterVariable.ttf in Resources */ = {isa = PBXBuildFile; fileRef = 89FC6F022DC3CB910058B906 /* InterVariable.ttf */; };
		89FC6F052DC3CB910058B906 /* InterVariable-Italic.ttf in Resources */ = {isa = PBXBuildFile; fileRef = 89FC6F032DC3CB910058B906 /* InterVariable-Italic.ttf */; };
		89FC6F062DC3CB910058B906 /* Inter.ttc in Resources */ = {isa = PBXBuildFile; fileRef = 89FC6F012DC3CB910058B906 /* Inter.ttc */; };
		89FC6F142DC3D77B0058B906 /* Inter.ttc in Resources */ = {isa = PBXBuildFile; fileRef = 89FC6F102DC3D77B0058B906 /* Inter.ttc */; };
		89FC6F152DC3D77B0058B906 /* InterVariable.ttf in Resources */ = {isa = PBXBuildFile; fileRef = 89FC6F112DC3D77B0058B906 /* InterVariable.ttf */; };
		89FC6F162DC3D77B0058B906 /* InterVariable-Italic.ttf in Resources */ = {isa = PBXBuildFile; fileRef = 89FC6F122DC3D77B0058B906 /* InterVariable-Italic.ttf */; };
/* End PBXBuildFile section */

/* Begin PBXContainerItemProxy section */
		89AA099A2DBEA92900308F1E /* PBXContainerItemProxy */ = {
			isa = PBXContainerItemProxy;
			containerPortal = 89AA09842DBEA92800308F1E /* Project object */;
			proxyType = 1;
			remoteGlobalIDString = 89AA098B2DBEA92800308F1E;
			remoteInfo = Motive;
		};
		89AA09A42DBEA92900308F1E /* PBXContainerItemProxy */ = {
			isa = PBXContainerItemProxy;
			containerPortal = 89AA09842DBEA92800308F1E /* Project object */;
			proxyType = 1;
			remoteGlobalIDString = 89AA098B2DBEA92800308F1E;
			remoteInfo = Motive;
		};
		89FC6ECC2DC135990058B906 /* PBXContainerItemProxy */ = {
			isa = PBXContainerItemProxy;
			containerPortal = 89AA09842DBEA92800308F1E /* Project object */;
			proxyType = 1;
			remoteGlobalIDString = 89FC6EB72DC135970058B906;
			remoteInfo = MotiveWidgetsExtension;
		};
/* End PBXContainerItemProxy section */

/* Begin PBXCopyFilesBuildPhase section */
		89FC6ED32DC135990058B906 /* Embed Foundation Extensions */ = {
			isa = PBXCopyFilesBuildPhase;
			buildActionMask = 2147483647;
			dstPath = "";
			dstSubfolderSpec = 13;
			files = (
				89FC6ECE2DC135990058B906 /* MotiveWidgetsExtension.appex in Embed Foundation Extensions */,
			);
			name = "Embed Foundation Extensions";
			runOnlyForDeploymentPostprocessing = 0;
		};
/* End PBXCopyFilesBuildPhase section */

/* Begin PBXFileReference section */
		8963D03B2DC6CE1C00E3430E /* LearnView.swift */ = {isa = PBXFileReference; lastKnownFileType = sourcecode.swift; path = LearnView.swift; sourceTree = "<group>"; };
		8963D03D2DC7DEBB00E3430E /* StoreKit.framework */ = {isa = PBXFileReference; lastKnownFileType = wrapper.framework; name = StoreKit.framework; path = System/Library/Frameworks/StoreKit.framework; sourceTree = SDKROOT; };
		8963D0412DC9287600E3430E /* ImageWidgets.swift */ = {isa = PBXFileReference; lastKnownFileType = sourcecode.swift; path = ImageWidgets.swift; sourceTree = "<group>"; };
		8963D0492DC9BA2900E3430E /* StorageService.swift */ = {isa = PBXFileReference; lastKnownFileType = sourcecode.swift; path = StorageService.swift; sourceTree = "<group>"; };
		8963D0532DCA65D100E3430E /* NewImageView.swift */ = {isa = PBXFileReference; lastKnownFileType = sourcecode.swift; path = NewImageView.swift; sourceTree = "<group>"; };
		8963D0572DCA679C00E3430E /* WidgetPreviews.swift */ = {isa = PBXFileReference; lastKnownFileType = sourcecode.swift; path = WidgetPreviews.swift; sourceTree = "<group>"; };
		8963D0782DD10B7500E3430E /* HomeView.swift */ = {isa = PBXFileReference; lastKnownFileType = sourcecode.swift; path = HomeView.swift; sourceTree = "<group>"; };
		8963D0812DD11BCB00E3430E /* HomeViewModel.swift */ = {isa = PBXFileReference; lastKnownFileType = sourcecode.swift; path = HomeViewModel.swift; sourceTree = "<group>"; };
		896C61CD2DD42E4E003C6EA9 /* EmergencyWidgets.swift */ = {isa = PBXFileReference; lastKnownFileType = sourcecode.swift; path = EmergencyWidgets.swift; sourceTree = "<group>"; };
		89AA098C2DBEA92800308F1E /* Motive.app */ = {isa = PBXFileReference; explicitFileType = wrapper.application; includeInIndex = 0; path = Motive.app; sourceTree = BUILT_PRODUCTS_DIR; };
		89AA09992DBEA92900308F1E /* MotiveTests.xctest */ = {isa = PBXFileReference; explicitFileType = wrapper.cfbundle; includeInIndex = 0; path = MotiveTests.xctest; sourceTree = BUILT_PRODUCTS_DIR; };
		89AA09A32DBEA92900308F1E /* MotiveUITests.xctest */ = {isa = PBXFileReference; explicitFileType = wrapper.cfbundle; includeInIndex = 0; path = MotiveUITests.xctest; sourceTree = BUILT_PRODUCTS_DIR; };
		89AA09B62DBEA93600308F1E /* Assets.xcassets */ = {isa = PBXFileReference; lastKnownFileType = folder.assetcatalog; path = Assets.xcassets; sourceTree = "<group>"; };
		89AA09B82DBEA93600308F1E /* MotiveApp.swift */ = {isa = PBXFileReference; lastKnownFileType = sourcecode.swift; path = MotiveApp.swift; sourceTree = "<group>"; };
		89AA09C42DBEC98B00308F1E /* SettingsView.swift */ = {isa = PBXFileReference; lastKnownFileType = sourcecode.swift; path = SettingsView.swift; sourceTree = "<group>"; };
		89AA09CC2DBEC9E000308F1E /* LandingPageView.swift */ = {isa = PBXFileReference; lastKnownFileType = sourcecode.swift; path = LandingPageView.swift; sourceTree = "<group>"; };
		89AA09CE2DBEC9E700308F1E /* LoggedInView.swift */ = {isa = PBXFileReference; lastKnownFileType = sourcecode.swift; path = LoggedInView.swift; sourceTree = "<group>"; };
		89AA09E82DBECA7800308F1E /* UserViewModel.swift */ = {isa = PBXFileReference; lastKnownFileType = sourcecode.swift; path = UserViewModel.swift; sourceTree = "<group>"; };
		89AA09EB2DBECAA200308F1E /* UserService.swift */ = {isa = PBXFileReference; lastKnownFileType = sourcecode.swift; path = UserService.swift; sourceTree = "<group>"; };
		89AA09ED2DBECABA00308F1E /* SupabaseService.swift */ = {isa = PBXFileReference; lastKnownFileType = sourcecode.swift; path = SupabaseService.swift; sourceTree = "<group>"; };
		89AA09F42DBECB9700308F1E /* User.swift */ = {isa = PBXFileReference; lastKnownFileType = sourcecode.swift; path = User.swift; sourceTree = "<group>"; };
		89AA09F72DBECC0200308F1E /* Design.swift */ = {isa = PBXFileReference; lastKnownFileType = sourcecode.swift; path = Design.swift; sourceTree = "<group>"; };
		89AA09FA2DBECC3100308F1E /* NavigationViews.swift */ = {isa = PBXFileReference; lastKnownFileType = sourcecode.swift; path = NavigationViews.swift; sourceTree = "<group>"; };
		89AA09FC2DBECC3600308F1E /* Navigation.swift */ = {isa = PBXFileReference; lastKnownFileType = sourcecode.swift; path = Navigation.swift; sourceTree = "<group>"; };
		89AA09FE2DBECC3B00308F1E /* NavigationTypes.swift */ = {isa = PBXFileReference; lastKnownFileType = sourcecode.swift; path = NavigationTypes.swift; sourceTree = "<group>"; };
		89AA0A002DBECC7B00308F1E /* OnboardingViewModel.swift */ = {isa = PBXFileReference; lastKnownFileType = sourcecode.swift; path = OnboardingViewModel.swift; sourceTree = "<group>"; };
		89AA0A022DBED19B00308F1E /* InspirationView.swift */ = {isa = PBXFileReference; lastKnownFileType = sourcecode.swift; path = InspirationView.swift; sourceTree = "<group>"; };
		89AA0A082DBED1D600308F1E /* PersonalizingView.swift */ = {isa = PBXFileReference; lastKnownFileType = sourcecode.swift; path = PersonalizingView.swift; sourceTree = "<group>"; };
		89AA0A0A2DBED1E200308F1E /* CustomizedView.swift */ = {isa = PBXFileReference; lastKnownFileType = sourcecode.swift; path = CustomizedView.swift; sourceTree = "<group>"; };
		89AA0A0C2DBED23900308F1E /* CreateAccountView.swift */ = {isa = PBXFileReference; lastKnownFileType = sourcecode.swift; path = CreateAccountView.swift; sourceTree = "<group>"; };
		89AA0A0E2DBED24000308F1E /* SignInView.swift */ = {isa = PBXFileReference; lastKnownFileType = sourcecode.swift; path = SignInView.swift; sourceTree = "<group>"; };
		89AA0A102DBED24900308F1E /* OneTimeCodeView.swift */ = {isa = PBXFileReference; lastKnownFileType = sourcecode.swift; path = OneTimeCodeView.swift; sourceTree = "<group>"; };
		89AA0A132DBED29900308F1E /* StyledButton.swift */ = {isa = PBXFileReference; lastKnownFileType = sourcecode.swift; path = StyledButton.swift; sourceTree = "<group>"; };
		89AA0A152DBED2A900308F1E /* SelectRow.swift */ = {isa = PBXFileReference; lastKnownFileType = sourcecode.swift; path = SelectRow.swift; sourceTree = "<group>"; };
		89AA0A172DBED2E400308F1E /* WidgetsView.swift */ = {isa = PBXFileReference; lastKnownFileType = sourcecode.swift; path = WidgetsView.swift; sourceTree = "<group>"; };
		89AA0A222DBF138300308F1E /* MotiveStorekit.storekit */ = {isa = PBXFileReference; lastKnownFileType = text; path = MotiveStorekit.storekit; sourceTree = "<group>"; };
		89AA0A2A2DBF2E1700308F1E /* WelcomeView.swift */ = {isa = PBXFileReference; lastKnownFileType = sourcecode.swift; path = WelcomeView.swift; sourceTree = "<group>"; };
		89AA0A322DBF305600308F1E /* MultiSelectRow.swift */ = {isa = PBXFileReference; lastKnownFileType = sourcecode.swift; path = MultiSelectRow.swift; sourceTree = "<group>"; };
		89AA0A362DBF327100308F1E /* AddWidgetsView.swift */ = {isa = PBXFileReference; lastKnownFileType = sourcecode.swift; path = AddWidgetsView.swift; sourceTree = "<group>"; };
		89B649A32DD24CD100A45A50 /* AppDelegate.swift */ = {isa = PBXFileReference; lastKnownFileType = sourcecode.swift; path = AppDelegate.swift; sourceTree = "<group>"; };
		89B649A52DD26F8B00A45A50 /* AccountableView.swift */ = {isa = PBXFileReference; lastKnownFileType = sourcecode.swift; path = AccountableView.swift; sourceTree = "<group>"; };
		89B649A92DD2979400A45A50 /* PreventingView.swift */ = {isa = PBXFileReference; lastKnownFileType = sourcecode.swift; path = PreventingView.swift; sourceTree = "<group>"; };
		89B649AD2DD2E1AE00A45A50 /* TestView.swift */ = {isa = PBXFileReference; lastKnownFileType = sourcecode.swift; path = TestView.swift; sourceTree = "<group>"; };
		89B649B02DD2E25B00A45A50 /* TestViewModel.swift */ = {isa = PBXFileReference; lastKnownFileType = sourcecode.swift; path = TestViewModel.swift; sourceTree = "<group>"; };
		89B649B22DD2E31E00A45A50 /* NotificationService.swift */ = {isa = PBXFileReference; lastKnownFileType = sourcecode.swift; path = NotificationService.swift; sourceTree = "<group>"; };
		89B649B42DD3B9D800A45A50 /* EmergencyView.swift */ = {isa = PBXFileReference; lastKnownFileType = sourcecode.swift; path = EmergencyView.swift; sourceTree = "<group>"; };
		89B649B62DD41C8E00A45A50 /* EmergencyViewModel.swift */ = {isa = PBXFileReference; lastKnownFileType = sourcecode.swift; path = EmergencyViewModel.swift; sourceTree = "<group>"; };
		89B649B92DD4280700A45A50 /* SheetNavigation.swift */ = {isa = PBXFileReference; lastKnownFileType = sourcecode.swift; path = SheetNavigation.swift; sourceTree = "<group>"; };
		89B649BB2DD4280C00A45A50 /* SheetNavigationViews.swift */ = {isa = PBXFileReference; lastKnownFileType = sourcecode.swift; path = SheetNavigationViews.swift; sourceTree = "<group>"; };
		89CBB2252DC460DD0034873F /* NewQuoteView.swift */ = {isa = PBXFileReference; lastKnownFileType = sourcecode.swift; path = NewQuoteView.swift; sourceTree = "<group>"; };
		89CBB22B2DC52A340034873F /* QuoteService.swift */ = {isa = PBXFileReference; lastKnownFileType = sourcecode.swift; path = QuoteService.swift; sourceTree = "<group>"; };
		89CBB2312DC55C750034873F /* BackgroundService.swift */ = {isa = PBXFileReference; lastKnownFileType = sourcecode.swift; path = BackgroundService.swift; sourceTree = "<group>"; };
		89FC6E9B2DBFE79A0058B906 /* EnterGoalsView.swift */ = {isa = PBXFileReference; lastKnownFileType = sourcecode.swift; path = EnterGoalsView.swift; sourceTree = "<group>"; };
		89FC6EA32DC020C80058B906 /* SubscriptionService.swift */ = {isa = PBXFileReference; lastKnownFileType = sourcecode.swift; path = SubscriptionService.swift; sourceTree = "<group>"; };
		89FC6EB02DC12F320058B906 /* WidgetsViewModel.swift */ = {isa = PBXFileReference; lastKnownFileType = sourcecode.swift; path = WidgetsViewModel.swift; sourceTree = "<group>"; };
		89FC6EB22DC130E60058B906 /* APIService.swift */ = {isa = PBXFileReference; lastKnownFileType = sourcecode.swift; path = APIService.swift; sourceTree = "<group>"; };
		89FC6EB82DC135970058B906 /* MotiveWidgetsExtension.appex */ = {isa = PBXFileReference; explicitFileType = "wrapper.app-extension"; includeInIndex = 0; path = MotiveWidgetsExtension.appex; sourceTree = BUILT_PRODUCTS_DIR; };
		89FC6EBA2DC135970058B906 /* WidgetKit.framework */ = {isa = PBXFileReference; lastKnownFileType = wrapper.framework; name = WidgetKit.framework; path = System/Library/Frameworks/WidgetKit.framework; sourceTree = SDKROOT; };
		89FC6EBC2DC135970058B906 /* SwiftUI.framework */ = {isa = PBXFileReference; lastKnownFileType = wrapper.framework; name = SwiftUI.framework; path = System/Library/Frameworks/SwiftUI.framework; sourceTree = SDKROOT; };
		89FC6ED42DC135B80058B906 /* AppIntent.swift */ = {isa = PBXFileReference; lastKnownFileType = sourcecode.swift; path = AppIntent.swift; sourceTree = "<group>"; };
		89FC6ED52DC135B80058B906 /* Assets.xcassets */ = {isa = PBXFileReference; lastKnownFileType = folder.assetcatalog; path = Assets.xcassets; sourceTree = "<group>"; };
		89FC6ED62DC135B80058B906 /* Info.plist */ = {isa = PBXFileReference; lastKnownFileType = text.plist.xml; path = Info.plist; sourceTree = "<group>"; };
		89FC6ED72DC135B80058B906 /* QuoteWidgets.swift */ = {isa = PBXFileReference; lastKnownFileType = sourcecode.swift; path = QuoteWidgets.swift; sourceTree = "<group>"; };
		89FC6ED82DC135B80058B906 /* MotiveWidgetsBundle.swift */ = {isa = PBXFileReference; lastKnownFileType = sourcecode.swift; path = MotiveWidgetsBundle.swift; sourceTree = "<group>"; };
		89FC6ED92DC135B80058B906 /* MotiveWidgetsControl.swift */ = {isa = PBXFileReference; lastKnownFileType = sourcecode.swift; path = MotiveWidgetsControl.swift; sourceTree = "<group>"; };
		89FC6EDA2DC135B80058B906 /* MotiveWidgetsLiveActivity.swift */ = {isa = PBXFileReference; lastKnownFileType = sourcecode.swift; path = MotiveWidgetsLiveActivity.swift; sourceTree = "<group>"; };
		89FC6EE32DC142910058B906 /* Motive.entitlements */ = {isa = PBXFileReference; lastKnownFileType = text.plist.entitlements; path = Motive.entitlements; sourceTree = "<group>"; };
		89FC6EE42DC142CB0058B906 /* MotiveWidgetsExtension.entitlements */ = {isa = PBXFileReference; lastKnownFileType = text.plist.entitlements; path = MotiveWidgetsExtension.entitlements; sourceTree = "<group>"; };
		89FC6EEF2DC2D4070058B906 /* RowWithHeader.swift */ = {isa = PBXFileReference; lastKnownFileType = sourcecode.swift; path = RowWithHeader.swift; sourceTree = "<group>"; };
		89FC6EF72DC2F5DF0058B906 /* APIResponse.swift */ = {isa = PBXFileReference; lastKnownFileType = sourcecode.swift; path = APIResponse.swift; sourceTree = "<group>"; };
		89FC6EFF2DC3C26D0058B906 /* Info.plist */ = {isa = PBXFileReference; lastKnownFileType = text.plist.xml; path = Info.plist; sourceTree = "<group>"; };
		89FC6F012DC3CB910058B906 /* Inter.ttc */ = {isa = PBXFileReference; lastKnownFileType = file; path = Inter.ttc; sourceTree = "<group>"; };
		89FC6F022DC3CB910058B906 /* InterVariable.ttf */ = {isa = PBXFileReference; lastKnownFileType = file; path = InterVariable.ttf; sourceTree = "<group>"; };
		89FC6F032DC3CB910058B906 /* InterVariable-Italic.ttf */ = {isa = PBXFileReference; lastKnownFileType = file; path = "InterVariable-Italic.ttf"; sourceTree = "<group>"; };
		89FC6F102DC3D77B0058B906 /* Inter.ttc */ = {isa = PBXFileReference; lastKnownFileType = file; path = Inter.ttc; sourceTree = "<group>"; };
		89FC6F112DC3D77B0058B906 /* InterVariable.ttf */ = {isa = PBXFileReference; lastKnownFileType = file; path = InterVariable.ttf; sourceTree = "<group>"; };
		89FC6F122DC3D77B0058B906 /* InterVariable-Italic.ttf */ = {isa = PBXFileReference; lastKnownFileType = file; path = "InterVariable-Italic.ttf"; sourceTree = "<group>"; };
/* End PBXFileReference section */

/* Begin PBXFileSystemSynchronizedRootGroup section */
		89AA099C2DBEA92900308F1E /* MotiveTests */ = {
			isa = PBXFileSystemSynchronizedRootGroup;
			path = MotiveTests;
			sourceTree = "<group>";
		};
		89AA09A62DBEA92900308F1E /* MotiveUITests */ = {
			isa = PBXFileSystemSynchronizedRootGroup;
			path = MotiveUITests;
			sourceTree = "<group>";
		};
/* End PBXFileSystemSynchronizedRootGroup section */

/* Begin PBXFrameworksBuildPhase section */
		89AA09892DBEA92800308F1E /* Frameworks */ = {
			isa = PBXFrameworksBuildPhase;
			buildActionMask = 2147483647;
			files = (
				89AA09D62DBECA1A00308F1E /* PostgREST in Frameworks */,
				89AA09D42DBECA1A00308F1E /* Functions in Frameworks */,
				89AA09DC2DBECA1A00308F1E /* Supabase in Frameworks */,
				8963D03E2DC7DEBB00E3430E /* StoreKit.framework in Frameworks */,
				89AA09D22DBECA1A00308F1E /* Auth in Frameworks */,
				89AA09DA2DBECA1A00308F1E /* Storage in Frameworks */,
				89AA09DF2DBECA2A00308F1E /* SuperwallKit in Frameworks */,
				89AA09D82DBECA1A00308F1E /* Realtime in Frameworks */,
			);
			runOnlyForDeploymentPostprocessing = 0;
		};
		89AA09962DBEA92900308F1E /* Frameworks */ = {
			isa = PBXFrameworksBuildPhase;
			buildActionMask = 2147483647;
			files = (
			);
			runOnlyForDeploymentPostprocessing = 0;
		};
		89AA09A02DBEA92900308F1E /* Frameworks */ = {
			isa = PBXFrameworksBuildPhase;
			buildActionMask = 2147483647;
			files = (
			);
			runOnlyForDeploymentPostprocessing = 0;
		};
		89FC6EB52DC135970058B906 /* Frameworks */ = {
			isa = PBXFrameworksBuildPhase;
			buildActionMask = 2147483647;
			files = (
				89FC6EBD2DC135970058B906 /* SwiftUI.framework in Frameworks */,
				89FC6EBB2DC135970058B906 /* WidgetKit.framework in Frameworks */,
			);
			runOnlyForDeploymentPostprocessing = 0;
		};
/* End PBXFrameworksBuildPhase section */

/* Begin PBXGroup section */
		8963D0772DD10B6E00E3430E /* Home */ = {
			isa = PBXGroup;
			children = (
				8963D0782DD10B7500E3430E /* HomeView.swift */,
				89B649B42DD3B9D800A45A50 /* EmergencyView.swift */,
				89B649AF2DD2E25300A45A50 /* Test */,
			);
			path = Home;
			sourceTree = "<group>";
		};
		8963D0802DD11BC300E3430E /* Widgets */ = {
			isa = PBXGroup;
			children = (
				89FC6EB02DC12F320058B906 /* WidgetsViewModel.swift */,
			);
			path = Widgets;
			sourceTree = "<group>";
		};
		89AA09832DBEA92800308F1E = {
			isa = PBXGroup;
			children = (
				89AA09B92DBEA93600308F1E /* Motive */,
				89FC6EDB2DC135B80058B906 /* MotiveWidgets */,
				89FC6EE42DC142CB0058B906 /* MotiveWidgetsExtension.entitlements */,
				89AA099C2DBEA92900308F1E /* MotiveTests */,
				89AA09A62DBEA92900308F1E /* MotiveUITests */,
				89FC6EB92DC135970058B906 /* Frameworks */,
				89AA098D2DBEA92800308F1E /* Products */,
			);
			sourceTree = "<group>";
		};
		89AA098D2DBEA92800308F1E /* Products */ = {
			isa = PBXGroup;
			children = (
				89AA098C2DBEA92800308F1E /* Motive.app */,
				89AA09992DBEA92900308F1E /* MotiveTests.xctest */,
				89AA09A32DBEA92900308F1E /* MotiveUITests.xctest */,
				89FC6EB82DC135970058B906 /* MotiveWidgetsExtension.appex */,
			);
			name = Products;
			sourceTree = "<group>";
		};
		89AA09B92DBEA93600308F1E /* Motive */ = {
			isa = PBXGroup;
			children = (
				89AA09C02DBEA95500308F1E /* Views */,
				89AA09BF2DBEA95000308F1E /* ViewModels */,
				89AA09C12DBEA95B00308F1E /* Models */,
				89AA09EA2DBECA9A00308F1E /* Services */,
				89AA09F92DBECC2700308F1E /* Navigation */,
				89AA09F62DBECBED00308F1E /* Supporting */,
				89AA0A122DBED28700308F1E /* Components */,
				89FC6F002DC3CB7A0058B906 /* Fonts */,
				89FC6EFF2DC3C26D0058B906 /* Info.plist */,
				89AA09B62DBEA93600308F1E /* Assets.xcassets */,
				89AA0A222DBF138300308F1E /* MotiveStorekit.storekit */,
				89FC6EE32DC142910058B906 /* Motive.entitlements */,
			);
			path = Motive;
			sourceTree = "<group>";
		};
		89AA09BD2DBEA94400308F1E /* Onboarding */ = {
			isa = PBXGroup;
			children = (
				89AA0A2A2DBF2E1700308F1E /* WelcomeView.swift */,
				89AA0A022DBED19B00308F1E /* InspirationView.swift */,
				8963D03B2DC6CE1C00E3430E /* LearnView.swift */,
				89FC6E9B2DBFE79A0058B906 /* EnterGoalsView.swift */,
				89B649A92DD2979400A45A50 /* PreventingView.swift */,
				89B649A52DD26F8B00A45A50 /* AccountableView.swift */,
				89AA0A082DBED1D600308F1E /* PersonalizingView.swift */,
				89AA0A0A2DBED1E200308F1E /* CustomizedView.swift */,
				89AA0A362DBF327100308F1E /* AddWidgetsView.swift */,
				89AA0A0E2DBED24000308F1E /* SignInView.swift */,
				89AA0A0C2DBED23900308F1E /* CreateAccountView.swift */,
				89AA0A102DBED24900308F1E /* OneTimeCodeView.swift */,
			);
			path = Onboarding;
			sourceTree = "<group>";
		};
		89AA09BE2DBEA94900308F1E /* Setup */ = {
			isa = PBXGroup;
			children = (
				89AA09B82DBEA93600308F1E /* MotiveApp.swift */,
				89B649A32DD24CD100A45A50 /* AppDelegate.swift */,
				89AA09CC2DBEC9E000308F1E /* LandingPageView.swift */,
				89AA09CE2DBEC9E700308F1E /* LoggedInView.swift */,
			);
			path = Setup;
			sourceTree = "<group>";
		};
		89AA09BF2DBEA95000308F1E /* ViewModels */ = {
			isa = PBXGroup;
			children = (
				89FC6EAD2DC12DE10058B906 /* Home */,
				8963D0802DD11BC300E3430E /* Widgets */,
				89AA0A1B2DBED39C00308F1E /* Onboarding */,
				89AA09E72DBECA6D00308F1E /* Setup */,
			);
			path = ViewModels;
			sourceTree = "<group>";
		};
		89AA09C02DBEA95500308F1E /* Views */ = {
			isa = PBXGroup;
			children = (
				8963D0772DD10B6E00E3430E /* Home */,
				89AA09C22DBEA96900308F1E /* Widgets */,
				89AA09C32DBEC97E00308F1E /* Settings */,
				89AA09BD2DBEA94400308F1E /* Onboarding */,
				89AA09BE2DBEA94900308F1E /* Setup */,
			);
			path = Views;
			sourceTree = "<group>";
		};
		89AA09C12DBEA95B00308F1E /* Models */ = {
			isa = PBXGroup;
			children = (
				89FC6EF72DC2F5DF0058B906 /* APIResponse.swift */,
				89AA09F42DBECB9700308F1E /* User.swift */,
			);
			path = Models;
			sourceTree = "<group>";
		};
		89AA09C22DBEA96900308F1E /* Widgets */ = {
			isa = PBXGroup;
			children = (
				89AA0A172DBED2E400308F1E /* WidgetsView.swift */,
				89CBB2252DC460DD0034873F /* NewQuoteView.swift */,
				8963D0572DCA679C00E3430E /* WidgetPreviews.swift */,
				8963D0532DCA65D100E3430E /* NewImageView.swift */,
			);
			path = Widgets;
			sourceTree = "<group>";
		};
		89AA09C32DBEC97E00308F1E /* Settings */ = {
			isa = PBXGroup;
			children = (
				89AA09C42DBEC98B00308F1E /* SettingsView.swift */,
			);
			path = Settings;
			sourceTree = "<group>";
		};
		89AA09E72DBECA6D00308F1E /* Setup */ = {
			isa = PBXGroup;
			children = (
				89AA09E82DBECA7800308F1E /* UserViewModel.swift */,
			);
			path = Setup;
			sourceTree = "<group>";
		};
		89AA09EA2DBECA9A00308F1E /* Services */ = {
			isa = PBXGroup;
			children = (
				89B649B22DD2E31E00A45A50 /* NotificationService.swift */,
				89CBB2312DC55C750034873F /* BackgroundService.swift */,
				89CBB22B2DC52A340034873F /* QuoteService.swift */,
				89FC6EB22DC130E60058B906 /* APIService.swift */,
				89FC6EA32DC020C80058B906 /* SubscriptionService.swift */,
				89AA09EB2DBECAA200308F1E /* UserService.swift */,
				8963D0492DC9BA2900E3430E /* StorageService.swift */,
				89AA09ED2DBECABA00308F1E /* SupabaseService.swift */,
			);
			path = Services;
			sourceTree = "<group>";
		};
		89AA09F62DBECBED00308F1E /* Supporting */ = {
			isa = PBXGroup;
			children = (
				89AA09F72DBECC0200308F1E /* Design.swift */,
			);
			path = Supporting;
			sourceTree = "<group>";
		};
		89AA09F92DBECC2700308F1E /* Navigation */ = {
			isa = PBXGroup;
			children = (
				89AA09FE2DBECC3B00308F1E /* NavigationTypes.swift */,
				89AA09FC2DBECC3600308F1E /* Navigation.swift */,
				89AA09FA2DBECC3100308F1E /* NavigationViews.swift */,
				89B649B92DD4280700A45A50 /* SheetNavigation.swift */,
				89B649BB2DD4280C00A45A50 /* SheetNavigationViews.swift */,
			);
			path = Navigation;
			sourceTree = "<group>";
		};
		89AA0A122DBED28700308F1E /* Components */ = {
			isa = PBXGroup;
			children = (
				89AA0A132DBED29900308F1E /* StyledButton.swift */,
				89AA0A152DBED2A900308F1E /* SelectRow.swift */,
				89AA0A322DBF305600308F1E /* MultiSelectRow.swift */,
				89FC6EEF2DC2D4070058B906 /* RowWithHeader.swift */,
			);
			path = Components;
			sourceTree = "<group>";
		};
		89AA0A1B2DBED39C00308F1E /* Onboarding */ = {
			isa = PBXGroup;
			children = (
				89AA0A002DBECC7B00308F1E /* OnboardingViewModel.swift */,
			);
			path = Onboarding;
			sourceTree = "<group>";
		};
		89B649AF2DD2E25300A45A50 /* Test */ = {
			isa = PBXGroup;
			children = (
				89B649AD2DD2E1AE00A45A50 /* TestView.swift */,
				89B649B02DD2E25B00A45A50 /* TestViewModel.swift */,
			);
			path = Test;
			sourceTree = "<group>";
		};
		89FC6EAD2DC12DE10058B906 /* Home */ = {
			isa = PBXGroup;
			children = (
				8963D0812DD11BCB00E3430E /* HomeViewModel.swift */,
				89B649B62DD41C8E00A45A50 /* EmergencyViewModel.swift */,
			);
			path = Home;
			sourceTree = "<group>";
		};
		89FC6EB92DC135970058B906 /* Frameworks */ = {
			isa = PBXGroup;
			children = (
				8963D03D2DC7DEBB00E3430E /* StoreKit.framework */,
				89FC6EBA2DC135970058B906 /* WidgetKit.framework */,
				89FC6EBC2DC135970058B906 /* SwiftUI.framework */,
			);
			name = Frameworks;
			sourceTree = "<group>";
		};
		89FC6EDB2DC135B80058B906 /* MotiveWidgets */ = {
			isa = PBXGroup;
			children = (
				89FC6ED72DC135B80058B906 /* QuoteWidgets.swift */,
				8963D0412DC9287600E3430E /* ImageWidgets.swift */,
				896C61CD2DD42E4E003C6EA9 /* EmergencyWidgets.swift */,
				89FC6ED42DC135B80058B906 /* AppIntent.swift */,
				89FC6ED82DC135B80058B906 /* MotiveWidgetsBundle.swift */,
				89FC6ED92DC135B80058B906 /* MotiveWidgetsControl.swift */,
				89FC6EDA2DC135B80058B906 /* MotiveWidgetsLiveActivity.swift */,
				89FC6F132DC3D77B0058B906 /* Fonts */,
				89FC6ED52DC135B80058B906 /* Assets.xcassets */,
				89FC6ED62DC135B80058B906 /* Info.plist */,
			);
			path = MotiveWidgets;
			sourceTree = "<group>";
		};
		89FC6F002DC3CB7A0058B906 /* Fonts */ = {
			isa = PBXGroup;
			children = (
				89FC6F012DC3CB910058B906 /* Inter.ttc */,
				89FC6F022DC3CB910058B906 /* InterVariable.ttf */,
				89FC6F032DC3CB910058B906 /* InterVariable-Italic.ttf */,
			);
			path = Fonts;
			sourceTree = "<group>";
		};
		89FC6F132DC3D77B0058B906 /* Fonts */ = {
			isa = PBXGroup;
			children = (
				89FC6F102DC3D77B0058B906 /* Inter.ttc */,
				89FC6F112DC3D77B0058B906 /* InterVariable.ttf */,
				89FC6F122DC3D77B0058B906 /* InterVariable-Italic.ttf */,
			);
			path = Fonts;
			sourceTree = "<group>";
		};
/* End PBXGroup section */

/* Begin PBXNativeTarget section */
		89AA098B2DBEA92800308F1E /* Motive */ = {
			isa = PBXNativeTarget;
			buildConfigurationList = 89AA09AD2DBEA92900308F1E /* Build configuration list for PBXNativeTarget "Motive" */;
			buildPhases = (
				89AA09882DBEA92800308F1E /* Sources */,
				89AA09892DBEA92800308F1E /* Frameworks */,
				89AA098A2DBEA92800308F1E /* Resources */,
				89FC6ED32DC135990058B906 /* Embed Foundation Extensions */,
			);
			buildRules = (
			);
			dependencies = (
				89FC6ECD2DC135990058B906 /* PBXTargetDependency */,
			);
			name = Motive;
			packageProductDependencies = (
				89AA09D12DBECA1A00308F1E /* Auth */,
				89AA09D32DBECA1A00308F1E /* Functions */,
				89AA09D52DBECA1A00308F1E /* PostgREST */,
				89AA09D72DBECA1A00308F1E /* Realtime */,
				89AA09D92DBECA1A00308F1E /* Storage */,
				89AA09DB2DBECA1A00308F1E /* Supabase */,
				89AA09DE2DBECA2A00308F1E /* SuperwallKit */,
			);
			productName = Motive;
			productReference = 89AA098C2DBEA92800308F1E /* Motive.app */;
			productType = "com.apple.product-type.application";
		};
		89AA09982DBEA92900308F1E /* MotiveTests */ = {
			isa = PBXNativeTarget;
			buildConfigurationList = 89AA09B02DBEA92900308F1E /* Build configuration list for PBXNativeTarget "MotiveTests" */;
			buildPhases = (
				89AA09952DBEA92900308F1E /* Sources */,
				89AA09962DBEA92900308F1E /* Frameworks */,
				89AA09972DBEA92900308F1E /* Resources */,
			);
			buildRules = (
			);
			dependencies = (
				89AA099B2DBEA92900308F1E /* PBXTargetDependency */,
			);
			fileSystemSynchronizedGroups = (
				89AA099C2DBEA92900308F1E /* MotiveTests */,
			);
			name = MotiveTests;
			packageProductDependencies = (
			);
			productName = MotiveTests;
			productReference = 89AA09992DBEA92900308F1E /* MotiveTests.xctest */;
			productType = "com.apple.product-type.bundle.unit-test";
		};
		89AA09A22DBEA92900308F1E /* MotiveUITests */ = {
			isa = PBXNativeTarget;
			buildConfigurationList = 89AA09B32DBEA92900308F1E /* Build configuration list for PBXNativeTarget "MotiveUITests" */;
			buildPhases = (
				89AA099F2DBEA92900308F1E /* Sources */,
				89AA09A02DBEA92900308F1E /* Frameworks */,
				89AA09A12DBEA92900308F1E /* Resources */,
			);
			buildRules = (
			);
			dependencies = (
				89AA09A52DBEA92900308F1E /* PBXTargetDependency */,
			);
			fileSystemSynchronizedGroups = (
				89AA09A62DBEA92900308F1E /* MotiveUITests */,
			);
			name = MotiveUITests;
			packageProductDependencies = (
			);
			productName = MotiveUITests;
			productReference = 89AA09A32DBEA92900308F1E /* MotiveUITests.xctest */;
			productType = "com.apple.product-type.bundle.ui-testing";
		};
		89FC6EB72DC135970058B906 /* MotiveWidgetsExtension */ = {
			isa = PBXNativeTarget;
			buildConfigurationList = 89FC6ED02DC135990058B906 /* Build configuration list for PBXNativeTarget "MotiveWidgetsExtension" */;
			buildPhases = (
				89FC6EB42DC135970058B906 /* Sources */,
				89FC6EB52DC135970058B906 /* Frameworks */,
				89FC6EB62DC135970058B906 /* Resources */,
			);
			buildRules = (
			);
			dependencies = (
			);
			name = MotiveWidgetsExtension;
			packageProductDependencies = (
			);
			productName = MotiveWidgetsExtension;
			productReference = 89FC6EB82DC135970058B906 /* MotiveWidgetsExtension.appex */;
			productType = "com.apple.product-type.app-extension";
		};
/* End PBXNativeTarget section */

/* Begin PBXProject section */
		89AA09842DBEA92800308F1E /* Project object */ = {
			isa = PBXProject;
			attributes = {
				BuildIndependentTargetsInParallel = 1;
				LastSwiftUpdateCheck = 1630;
				LastUpgradeCheck = 1630;
				TargetAttributes = {
					89AA098B2DBEA92800308F1E = {
						CreatedOnToolsVersion = 16.3;
					};
					89AA09982DBEA92900308F1E = {
						CreatedOnToolsVersion = 16.3;
						TestTargetID = 89AA098B2DBEA92800308F1E;
					};
					89AA09A22DBEA92900308F1E = {
						CreatedOnToolsVersion = 16.3;
						TestTargetID = 89AA098B2DBEA92800308F1E;
					};
					89FC6EB72DC135970058B906 = {
						CreatedOnToolsVersion = 16.3;
					};
				};
			};
			buildConfigurationList = 89AA09872DBEA92800308F1E /* Build configuration list for PBXProject "Motive" */;
			developmentRegion = en;
			hasScannedForEncodings = 0;
			knownRegions = (
				en,
				Base,
			);
			mainGroup = 89AA09832DBEA92800308F1E;
			minimizedProjectReferenceProxies = 1;
			packageReferences = (
				89AA09D02DBECA1A00308F1E /* XCRemoteSwiftPackageReference "supabase-swift" */,
				89AA09DD2DBECA2A00308F1E /* XCRemoteSwiftPackageReference "Superwall-iOS" */,
			);
			preferredProjectObjectVersion = 77;
			productRefGroup = 89AA098D2DBEA92800308F1E /* Products */;
			projectDirPath = "";
			projectRoot = "";
			targets = (
				89AA098B2DBEA92800308F1E /* Motive */,
				89FC6EB72DC135970058B906 /* MotiveWidgetsExtension */,
				89AA09982DBEA92900308F1E /* MotiveTests */,
				89AA09A22DBEA92900308F1E /* MotiveUITests */,
			);
		};
/* End PBXProject section */

/* Begin PBXResourcesBuildPhase section */
		89AA098A2DBEA92800308F1E /* Resources */ = {
			isa = PBXResourcesBuildPhase;
			buildActionMask = 2147483647;
			files = (
				89FC6F042DC3CB910058B906 /* InterVariable.ttf in Resources */,
				89FC6F052DC3CB910058B906 /* InterVariable-Italic.ttf in Resources */,
				89FC6F062DC3CB910058B906 /* Inter.ttc in Resources */,
				89AA09BA2DBEA93600308F1E /* Assets.xcassets in Resources */,
			);
			runOnlyForDeploymentPostprocessing = 0;
		};
		89AA09972DBEA92900308F1E /* Resources */ = {
			isa = PBXResourcesBuildPhase;
			buildActionMask = 2147483647;
			files = (
				89AA0A232DBF138300308F1E /* MotiveStorekit.storekit in Resources */,
			);
			runOnlyForDeploymentPostprocessing = 0;
		};
		89AA09A12DBEA92900308F1E /* Resources */ = {
			isa = PBXResourcesBuildPhase;
			buildActionMask = 2147483647;
			files = (
			);
			runOnlyForDeploymentPostprocessing = 0;
		};
		89FC6EB62DC135970058B906 /* Resources */ = {
			isa = PBXResourcesBuildPhase;
			buildActionMask = 2147483647;
			files = (
				89FC6F142DC3D77B0058B906 /* Inter.ttc in Resources */,
				89FC6F152DC3D77B0058B906 /* InterVariable.ttf in Resources */,
				89FC6F162DC3D77B0058B906 /* InterVariable-Italic.ttf in Resources */,
				89FC6EDC2DC135B80058B906 /* Assets.xcassets in Resources */,
			);
			runOnlyForDeploymentPostprocessing = 0;
		};
/* End PBXResourcesBuildPhase section */

/* Begin PBXSourcesBuildPhase section */
		89AA09882DBEA92800308F1E /* Sources */ = {
			isa = PBXSourcesBuildPhase;
			buildActionMask = 2147483647;
			files = (
				89AA09EC2DBECAA500308F1E /* UserService.swift in Sources */,
				89AA0A372DBF327100308F1E /* AddWidgetsView.swift in Sources */,
				89B649B12DD2E25E00A45A50 /* TestViewModel.swift in Sources */,
				89B649AA2DD2979400A45A50 /* PreventingView.swift in Sources */,
				89AA0A0B2DBED1E200308F1E /* CustomizedView.swift in Sources */,
				89B649BC2DD4280F00A45A50 /* SheetNavigationViews.swift in Sources */,
				8963D0822DD11BD200E3430E /* HomeViewModel.swift in Sources */,
				89AA09CF2DBEC9E700308F1E /* LoggedInView.swift in Sources */,
				89AA0A032DBED19B00308F1E /* InspirationView.swift in Sources */,
				89AA0A142DBED29900308F1E /* StyledButton.swift in Sources */,
				89AA09E92DBECA7C00308F1E /* UserViewModel.swift in Sources */,
				8963D04A2DC9BA2900E3430E /* StorageService.swift in Sources */,
				89B649B52DD3B9D800A45A50 /* EmergencyView.swift in Sources */,
				89B649A62DD26F8B00A45A50 /* AccountableView.swift in Sources */,
				89B649A42DD24CD300A45A50 /* AppDelegate.swift in Sources */,
				89AA0A112DBED24900308F1E /* OneTimeCodeView.swift in Sources */,
				89B649B32DD2E32100A45A50 /* NotificationService.swift in Sources */,
				8963D0582DCA679C00E3430E /* WidgetPreviews.swift in Sources */,
				8963D03C2DC6CE1C00E3430E /* LearnView.swift in Sources */,
				89FC6EA42DC020DF0058B906 /* SubscriptionService.swift in Sources */,
				89AA0A092DBED1D600308F1E /* PersonalizingView.swift in Sources */,
				89AA0A2B2DBF2E1700308F1E /* WelcomeView.swift in Sources */,
				89B649BA2DD4280900A45A50 /* SheetNavigation.swift in Sources */,
				8963D0792DD10B7500E3430E /* HomeView.swift in Sources */,
				89AA0A012DBECC8200308F1E /* OnboardingViewModel.swift in Sources */,
				89AA0A0D2DBED23900308F1E /* CreateAccountView.swift in Sources */,
				89AA09C52DBEC98B00308F1E /* SettingsView.swift in Sources */,
				89AA09FB2DBECC3400308F1E /* NavigationViews.swift in Sources */,
				89AA0A182DBED2E400308F1E /* WidgetsView.swift in Sources */,
				89FC6EF02DC2D4070058B906 /* RowWithHeader.swift in Sources */,
				8963D0542DCA65D100E3430E /* NewImageView.swift in Sources */,
				89AA09FF2DBECC3F00308F1E /* NavigationTypes.swift in Sources */,
				89CBB22C2DC52A380034873F /* QuoteService.swift in Sources */,
				89AA0A332DBF305600308F1E /* MultiSelectRow.swift in Sources */,
				89AA09CD2DBEC9E000308F1E /* LandingPageView.swift in Sources */,
				89AA0A0F2DBED24000308F1E /* SignInView.swift in Sources */,
				89AA09EE2DBECABC00308F1E /* SupabaseService.swift in Sources */,
				89AA09FD2DBECC3800308F1E /* Navigation.swift in Sources */,
				89AA09F82DBECC0300308F1E /* Design.swift in Sources */,
				89B649B72DD41C9200A45A50 /* EmergencyViewModel.swift in Sources */,
				89AA09BC2DBEA93600308F1E /* MotiveApp.swift in Sources */,
				89FC6EF82DC2F5E70058B906 /* APIResponse.swift in Sources */,
				89B649AE2DD2E1AE00A45A50 /* TestView.swift in Sources */,
				89FC6EB32DC130F60058B906 /* APIService.swift in Sources */,
				89CBB2322DC55C790034873F /* BackgroundService.swift in Sources */,
				89CBB2262DC460DD0034873F /* NewQuoteView.swift in Sources */,
				89AA09F52DBECB9700308F1E /* User.swift in Sources */,
				89FC6E9C2DBFE79A0058B906 /* EnterGoalsView.swift in Sources */,
				89FC6EB12DC12F350058B906 /* WidgetsViewModel.swift in Sources */,
				89AA0A162DBED2A900308F1E /* SelectRow.swift in Sources */,
			);
			runOnlyForDeploymentPostprocessing = 0;
		};
		89AA09952DBEA92900308F1E /* Sources */ = {
			isa = PBXSourcesBuildPhase;
			buildActionMask = 2147483647;
			files = (
			);
			runOnlyForDeploymentPostprocessing = 0;
		};
		89AA099F2DBEA92900308F1E /* Sources */ = {
			isa = PBXSourcesBuildPhase;
			buildActionMask = 2147483647;
			files = (
			);
			runOnlyForDeploymentPostprocessing = 0;
		};
		89FC6EB42DC135970058B906 /* Sources */ = {
			isa = PBXSourcesBuildPhase;
			buildActionMask = 2147483647;
			files = (
				89FC6EDE2DC135B80058B906 /* AppIntent.swift in Sources */,
				8963D0422DC9287D00E3430E /* ImageWidgets.swift in Sources */,
				89FC6EDF2DC135B80058B906 /* QuoteWidgets.swift in Sources */,
				89FC6EE02DC135B80058B906 /* MotiveWidgetsBundle.swift in Sources */,
				89FC6EE12DC135B80058B906 /* MotiveWidgetsControl.swift in Sources */,
				89FC6EE22DC135B80058B906 /* MotiveWidgetsLiveActivity.swift in Sources */,
				896C61CE2DD42E52003C6EA9 /* EmergencyWidgets.swift in Sources */,
			);
			runOnlyForDeploymentPostprocessing = 0;
		};
/* End PBXSourcesBuildPhase section */

/* Begin PBXTargetDependency section */
		89AA099B2DBEA92900308F1E /* PBXTargetDependency */ = {
			isa = PBXTargetDependency;
			target = 89AA098B2DBEA92800308F1E /* Motive */;
			targetProxy = 89AA099A2DBEA92900308F1E /* PBXContainerItemProxy */;
		};
		89AA09A52DBEA92900308F1E /* PBXTargetDependency */ = {
			isa = PBXTargetDependency;
			target = 89AA098B2DBEA92800308F1E /* Motive */;
			targetProxy = 89AA09A42DBEA92900308F1E /* PBXContainerItemProxy */;
		};
		89FC6ECD2DC135990058B906 /* PBXTargetDependency */ = {
			isa = PBXTargetDependency;
			target = 89FC6EB72DC135970058B906 /* MotiveWidgetsExtension */;
			targetProxy = 89FC6ECC2DC135990058B906 /* PBXContainerItemProxy */;
		};
/* End PBXTargetDependency section */

/* Begin XCBuildConfiguration section */
		89AA09AB2DBEA92900308F1E /* Debug */ = {
			isa = XCBuildConfiguration;
			buildSettings = {
				ALWAYS_SEARCH_USER_PATHS = NO;
				ASSETCATALOG_COMPILER_GENERATE_SWIFT_ASSET_SYMBOL_EXTENSIONS = YES;
				CLANG_ANALYZER_NONNULL = YES;
				CLANG_ANALYZER_NUMBER_OBJECT_CONVERSION = YES_AGGRESSIVE;
				CLANG_CXX_LANGUAGE_STANDARD = "gnu++20";
				CLANG_ENABLE_MODULES = YES;
				CLANG_ENABLE_OBJC_ARC = YES;
				CLANG_ENABLE_OBJC_WEAK = YES;
				CLANG_WARN_BLOCK_CAPTURE_AUTORELEASING = YES;
				CLANG_WARN_BOOL_CONVERSION = YES;
				CLANG_WARN_COMMA = YES;
				CLANG_WARN_CONSTANT_CONVERSION = YES;
				CLANG_WARN_DEPRECATED_OBJC_IMPLEMENTATIONS = YES;
				CLANG_WARN_DIRECT_OBJC_ISA_USAGE = YES_ERROR;
				CLANG_WARN_DOCUMENTATION_COMMENTS = YES;
				CLANG_WARN_EMPTY_BODY = YES;
				CLANG_WARN_ENUM_CONVERSION = YES;
				CLANG_WARN_INFINITE_RECURSION = YES;
				CLANG_WARN_INT_CONVERSION = YES;
				CLANG_WARN_NON_LITERAL_NULL_CONVERSION = YES;
				CLANG_WARN_OBJC_IMPLICIT_RETAIN_SELF = YES;
				CLANG_WARN_OBJC_LITERAL_CONVERSION = YES;
				CLANG_WARN_OBJC_ROOT_CLASS = YES_ERROR;
				CLANG_WARN_QUOTED_INCLUDE_IN_FRAMEWORK_HEADER = YES;
				CLANG_WARN_RANGE_LOOP_ANALYSIS = YES;
				CLANG_WARN_STRICT_PROTOTYPES = YES;
				CLANG_WARN_SUSPICIOUS_MOVE = YES;
				CLANG_WARN_UNGUARDED_AVAILABILITY = YES_AGGRESSIVE;
				CLANG_WARN_UNREACHABLE_CODE = YES;
				CLANG_WARN__DUPLICATE_METHOD_MATCH = YES;
				COPY_PHASE_STRIP = NO;
				DEBUG_INFORMATION_FORMAT = dwarf;
				DEVELOPMENT_TEAM = T2V9U83CKZ;
				ENABLE_STRICT_OBJC_MSGSEND = YES;
				ENABLE_TESTABILITY = YES;
				ENABLE_USER_SCRIPT_SANDBOXING = YES;
				GCC_C_LANGUAGE_STANDARD = gnu17;
				GCC_DYNAMIC_NO_PIC = NO;
				GCC_NO_COMMON_BLOCKS = YES;
				GCC_OPTIMIZATION_LEVEL = 0;
				GCC_PREPROCESSOR_DEFINITIONS = (
					"DEBUG=1",
					"$(inherited)",
				);
				GCC_WARN_64_TO_32_BIT_CONVERSION = YES;
				GCC_WARN_ABOUT_RETURN_TYPE = YES_ERROR;
				GCC_WARN_UNDECLARED_SELECTOR = YES;
				GCC_WARN_UNINITIALIZED_AUTOS = YES_AGGRESSIVE;
				GCC_WARN_UNUSED_FUNCTION = YES;
				GCC_WARN_UNUSED_VARIABLE = YES;
				IPHONEOS_DEPLOYMENT_TARGET = 18.4;
				LOCALIZATION_PREFERS_STRING_CATALOGS = YES;
				MTL_ENABLE_DEBUG_INFO = INCLUDE_SOURCE;
				MTL_FAST_MATH = YES;
				ONLY_ACTIVE_ARCH = YES;
				SDKROOT = iphoneos;
				SWIFT_ACTIVE_COMPILATION_CONDITIONS = "DEBUG $(inherited)";
				SWIFT_OPTIMIZATION_LEVEL = "-Onone";
			};
			name = Debug;
		};
		89AA09AC2DBEA92900308F1E /* Release */ = {
			isa = XCBuildConfiguration;
			buildSettings = {
				ALWAYS_SEARCH_USER_PATHS = NO;
				ASSETCATALOG_COMPILER_GENERATE_SWIFT_ASSET_SYMBOL_EXTENSIONS = YES;
				CLANG_ANALYZER_NONNULL = YES;
				CLANG_ANALYZER_NUMBER_OBJECT_CONVERSION = YES_AGGRESSIVE;
				CLANG_CXX_LANGUAGE_STANDARD = "gnu++20";
				CLANG_ENABLE_MODULES = YES;
				CLANG_ENABLE_OBJC_ARC = YES;
				CLANG_ENABLE_OBJC_WEAK = YES;
				CLANG_WARN_BLOCK_CAPTURE_AUTORELEASING = YES;
				CLANG_WARN_BOOL_CONVERSION = YES;
				CLANG_WARN_COMMA = YES;
				CLANG_WARN_CONSTANT_CONVERSION = YES;
				CLANG_WARN_DEPRECATED_OBJC_IMPLEMENTATIONS = YES;
				CLANG_WARN_DIRECT_OBJC_ISA_USAGE = YES_ERROR;
				CLANG_WARN_DOCUMENTATION_COMMENTS = YES;
				CLANG_WARN_EMPTY_BODY = YES;
				CLANG_WARN_ENUM_CONVERSION = YES;
				CLANG_WARN_INFINITE_RECURSION = YES;
				CLANG_WARN_INT_CONVERSION = YES;
				CLANG_WARN_NON_LITERAL_NULL_CONVERSION = YES;
				CLANG_WARN_OBJC_IMPLICIT_RETAIN_SELF = YES;
				CLANG_WARN_OBJC_LITERAL_CONVERSION = YES;
				CLANG_WARN_OBJC_ROOT_CLASS = YES_ERROR;
				CLANG_WARN_QUOTED_INCLUDE_IN_FRAMEWORK_HEADER = YES;
				CLANG_WARN_RANGE_LOOP_ANALYSIS = YES;
				CLANG_WARN_STRICT_PROTOTYPES = YES;
				CLANG_WARN_SUSPICIOUS_MOVE = YES;
				CLANG_WARN_UNGUARDED_AVAILABILITY = YES_AGGRESSIVE;
				CLANG_WARN_UNREACHABLE_CODE = YES;
				CLANG_WARN__DUPLICATE_METHOD_MATCH = YES;
				COPY_PHASE_STRIP = NO;
				DEBUG_INFORMATION_FORMAT = "dwarf-with-dsym";
				DEVELOPMENT_TEAM = T2V9U83CKZ;
				ENABLE_NS_ASSERTIONS = NO;
				ENABLE_STRICT_OBJC_MSGSEND = YES;
				ENABLE_USER_SCRIPT_SANDBOXING = YES;
				GCC_C_LANGUAGE_STANDARD = gnu17;
				GCC_NO_COMMON_BLOCKS = YES;
				GCC_WARN_64_TO_32_BIT_CONVERSION = YES;
				GCC_WARN_ABOUT_RETURN_TYPE = YES_ERROR;
				GCC_WARN_UNDECLARED_SELECTOR = YES;
				GCC_WARN_UNINITIALIZED_AUTOS = YES_AGGRESSIVE;
				GCC_WARN_UNUSED_FUNCTION = YES;
				GCC_WARN_UNUSED_VARIABLE = YES;
				IPHONEOS_DEPLOYMENT_TARGET = 18.4;
				LOCALIZATION_PREFERS_STRING_CATALOGS = YES;
				MTL_ENABLE_DEBUG_INFO = NO;
				MTL_FAST_MATH = YES;
				SDKROOT = iphoneos;
				SWIFT_COMPILATION_MODE = wholemodule;
				VALIDATE_PRODUCT = YES;
			};
			name = Release;
		};
		89AA09AE2DBEA92900308F1E /* Debug */ = {
			isa = XCBuildConfiguration;
			buildSettings = {
				ASSETCATALOG_COMPILER_APPICON_NAME = AppIcon;
				ASSETCATALOG_COMPILER_GLOBAL_ACCENT_COLOR_NAME = AccentColor;
				CODE_SIGN_ENTITLEMENTS = Motive/Motive.entitlements;
				CODE_SIGN_STYLE = Automatic;
				CURRENT_PROJECT_VERSION = 17;
				DEVELOPMENT_TEAM = T2V9U83CKZ;
				ENABLE_PREVIEWS = YES;
				GENERATE_INFOPLIST_FILE = YES;
				INFOPLIST_FILE = Motive/Info.plist;
				INFOPLIST_KEY_UIApplicationSceneManifest_Generation = YES;
				INFOPLIST_KEY_UIApplicationSupportsIndirectInputEvents = YES;
				INFOPLIST_KEY_UILaunchScreen_Generation = YES;
				INFOPLIST_KEY_UIStatusBarStyle = UIStatusBarStyleDarkContent;
				INFOPLIST_KEY_UISupportedInterfaceOrientations = UIInterfaceOrientationPortrait;
				INFOPLIST_KEY_UISupportedInterfaceOrientations_iPad = "UIInterfaceOrientationLandscapeLeft UIInterfaceOrientationLandscapeRight UIInterfaceOrientationPortrait UIInterfaceOrientationPortraitUpsideDown";
				INFOPLIST_KEY_UIUserInterfaceStyle = Dark;
				IPHONEOS_DEPLOYMENT_TARGET = 18.0;
				LD_RUNPATH_SEARCH_PATHS = (
					"$(inherited)",
					"@executable_path/Frameworks",
				);
				MARKETING_VERSION = 1.0;
				PRODUCT_BUNDLE_IDENTIFIER = "Michael-Bautista.Motive";
				PRODUCT_NAME = "$(TARGET_NAME)";
				SWIFT_EMIT_LOC_STRINGS = YES;
				SWIFT_VERSION = 5.0;
				TARGETED_DEVICE_FAMILY = "1,2";
			};
			name = Debug;
		};
		89AA09AF2DBEA92900308F1E /* Release */ = {
			isa = XCBuildConfiguration;
			buildSettings = {
				ASSETCATALOG_COMPILER_APPICON_NAME = AppIcon;
				ASSETCATALOG_COMPILER_GLOBAL_ACCENT_COLOR_NAME = AccentColor;
				CODE_SIGN_ENTITLEMENTS = Motive/Motive.entitlements;
				CODE_SIGN_STYLE = Automatic;
				CURRENT_PROJECT_VERSION = 17;
				DEVELOPMENT_TEAM = T2V9U83CKZ;
				ENABLE_PREVIEWS = YES;
				GENERATE_INFOPLIST_FILE = YES;
				INFOPLIST_FILE = Motive/Info.plist;
				INFOPLIST_KEY_UIApplicationSceneManifest_Generation = YES;
				INFOPLIST_KEY_UIApplicationSupportsIndirectInputEvents = YES;
				INFOPLIST_KEY_UILaunchScreen_Generation = YES;
				INFOPLIST_KEY_UIStatusBarStyle = UIStatusBarStyleDarkContent;
				INFOPLIST_KEY_UISupportedInterfaceOrientations = UIInterfaceOrientationPortrait;
				INFOPLIST_KEY_UISupportedInterfaceOrientations_iPad = "UIInterfaceOrientationLandscapeLeft UIInterfaceOrientationLandscapeRight UIInterfaceOrientationPortrait UIInterfaceOrientationPortraitUpsideDown";
				INFOPLIST_KEY_UIUserInterfaceStyle = Dark;
				IPHONEOS_DEPLOYMENT_TARGET = 18.0;
				LD_RUNPATH_SEARCH_PATHS = (
					"$(inherited)",
					"@executable_path/Frameworks",
				);
				MARKETING_VERSION = 1.0;
				PRODUCT_BUNDLE_IDENTIFIER = "Michael-Bautista.Motive";
				PRODUCT_NAME = "$(TARGET_NAME)";
				SWIFT_EMIT_LOC_STRINGS = YES;
				SWIFT_VERSION = 5.0;
				TARGETED_DEVICE_FAMILY = "1,2";
			};
			name = Release;
		};
		89AA09B12DBEA92900308F1E /* Debug */ = {
			isa = XCBuildConfiguration;
			buildSettings = {
				BUNDLE_LOADER = "$(TEST_HOST)";
				CODE_SIGN_STYLE = Automatic;
				CURRENT_PROJECT_VERSION = 1;
				DEVELOPMENT_TEAM = T2V9U83CKZ;
				GENERATE_INFOPLIST_FILE = YES;
				IPHONEOS_DEPLOYMENT_TARGET = 18.4;
				MARKETING_VERSION = 1.0;
				PRODUCT_BUNDLE_IDENTIFIER = "Michael-Bautista.MotiveTests";
				PRODUCT_NAME = "$(TARGET_NAME)";
				SWIFT_EMIT_LOC_STRINGS = NO;
				SWIFT_VERSION = 5.0;
				TARGETED_DEVICE_FAMILY = "1,2";
				TEST_HOST = "$(BUILT_PRODUCTS_DIR)/Motive.app/$(BUNDLE_EXECUTABLE_FOLDER_PATH)/Motive";
			};
			name = Debug;
		};
		89AA09B22DBEA92900308F1E /* Release */ = {
			isa = XCBuildConfiguration;
			buildSettings = {
				BUNDLE_LOADER = "$(TEST_HOST)";
				CODE_SIGN_STYLE = Automatic;
				CURRENT_PROJECT_VERSION = 1;
				DEVELOPMENT_TEAM = T2V9U83CKZ;
				GENERATE_INFOPLIST_FILE = YES;
				IPHONEOS_DEPLOYMENT_TARGET = 18.4;
				MARKETING_VERSION = 1.0;
				PRODUCT_BUNDLE_IDENTIFIER = "Michael-Bautista.MotiveTests";
				PRODUCT_NAME = "$(TARGET_NAME)";
				SWIFT_EMIT_LOC_STRINGS = NO;
				SWIFT_VERSION = 5.0;
				TARGETED_DEVICE_FAMILY = "1,2";
				TEST_HOST = "$(BUILT_PRODUCTS_DIR)/Motive.app/$(BUNDLE_EXECUTABLE_FOLDER_PATH)/Motive";
			};
			name = Release;
		};
		89AA09B42DBEA92900308F1E /* Debug */ = {
			isa = XCBuildConfiguration;
			buildSettings = {
				CODE_SIGN_STYLE = Automatic;
				CURRENT_PROJECT_VERSION = 1;
				DEVELOPMENT_TEAM = T2V9U83CKZ;
				GENERATE_INFOPLIST_FILE = YES;
				MARKETING_VERSION = 1.0;
				PRODUCT_BUNDLE_IDENTIFIER = "Michael-Bautista.MotiveUITests";
				PRODUCT_NAME = "$(TARGET_NAME)";
				SWIFT_EMIT_LOC_STRINGS = NO;
				SWIFT_VERSION = 5.0;
				TARGETED_DEVICE_FAMILY = "1,2";
				TEST_TARGET_NAME = Motive;
			};
			name = Debug;
		};
		89AA09B52DBEA92900308F1E /* Release */ = {
			isa = XCBuildConfiguration;
			buildSettings = {
				CODE_SIGN_STYLE = Automatic;
				CURRENT_PROJECT_VERSION = 1;
				DEVELOPMENT_TEAM = T2V9U83CKZ;
				GENERATE_INFOPLIST_FILE = YES;
				MARKETING_VERSION = 1.0;
				PRODUCT_BUNDLE_IDENTIFIER = "Michael-Bautista.MotiveUITests";
				PRODUCT_NAME = "$(TARGET_NAME)";
				SWIFT_EMIT_LOC_STRINGS = NO;
				SWIFT_VERSION = 5.0;
				TARGETED_DEVICE_FAMILY = "1,2";
				TEST_TARGET_NAME = Motive;
			};
			name = Release;
		};
		89FC6ED12DC135990058B906 /* Debug */ = {
			isa = XCBuildConfiguration;
			buildSettings = {
				ASSETCATALOG_COMPILER_GLOBAL_ACCENT_COLOR_NAME = AccentColor;
				ASSETCATALOG_COMPILER_WIDGET_BACKGROUND_COLOR_NAME = WidgetBackground;
				CODE_SIGN_ENTITLEMENTS = MotiveWidgetsExtension.entitlements;
				CODE_SIGN_STYLE = Automatic;
				CURRENT_PROJECT_VERSION = 1;
				DEVELOPMENT_TEAM = T2V9U83CKZ;
				GENERATE_INFOPLIST_FILE = YES;
				INFOPLIST_FILE = MotiveWidgets/Info.plist;
				INFOPLIST_KEY_CFBundleDisplayName = MotiveWidgets;
				INFOPLIST_KEY_NSHumanReadableCopyright = "";
				IPHONEOS_DEPLOYMENT_TARGET = 18.0;
				LD_RUNPATH_SEARCH_PATHS = (
					"$(inherited)",
					"@executable_path/Frameworks",
					"@executable_path/../../Frameworks",
				);
				MARKETING_VERSION = 1.0;
				PRODUCT_BUNDLE_IDENTIFIER = "Michael-Bautista.Motive.MotiveWidgets";
				PRODUCT_NAME = "$(TARGET_NAME)";
				SKIP_INSTALL = YES;
				SWIFT_EMIT_LOC_STRINGS = YES;
				SWIFT_VERSION = 5.0;
				TARGETED_DEVICE_FAMILY = "1,2";
			};
			name = Debug;
		};
		89FC6ED22DC135990058B906 /* Release */ = {
			isa = XCBuildConfiguration;
			buildSettings = {
				ASSETCATALOG_COMPILER_GLOBAL_ACCENT_COLOR_NAME = AccentColor;
				ASSETCATALOG_COMPILER_WIDGET_BACKGROUND_COLOR_NAME = WidgetBackground;
				CODE_SIGN_ENTITLEMENTS = MotiveWidgetsExtension.entitlements;
				CODE_SIGN_STYLE = Automatic;
				CURRENT_PROJECT_VERSION = 1;
				DEVELOPMENT_TEAM = T2V9U83CKZ;
				GENERATE_INFOPLIST_FILE = YES;
				INFOPLIST_FILE = MotiveWidgets/Info.plist;
				INFOPLIST_KEY_CFBundleDisplayName = MotiveWidgets;
				INFOPLIST_KEY_NSHumanReadableCopyright = "";
				IPHONEOS_DEPLOYMENT_TARGET = 18.0;
				LD_RUNPATH_SEARCH_PATHS = (
					"$(inherited)",
					"@executable_path/Frameworks",
					"@executable_path/../../Frameworks",
				);
				MARKETING_VERSION = 1.0;
				PRODUCT_BUNDLE_IDENTIFIER = "Michael-Bautista.Motive.MotiveWidgets";
				PRODUCT_NAME = "$(TARGET_NAME)";
				SKIP_INSTALL = YES;
				SWIFT_EMIT_LOC_STRINGS = YES;
				SWIFT_VERSION = 5.0;
				TARGETED_DEVICE_FAMILY = "1,2";
			};
			name = Release;
		};
/* End XCBuildConfiguration section */

/* Begin XCConfigurationList section */
		89AA09872DBEA92800308F1E /* Build configuration list for PBXProject "Motive" */ = {
			isa = XCConfigurationList;
			buildConfigurations = (
				89AA09AB2DBEA92900308F1E /* Debug */,
				89AA09AC2DBEA92900308F1E /* Release */,
			);
			defaultConfigurationIsVisible = 0;
			defaultConfigurationName = Release;
		};
		89AA09AD2DBEA92900308F1E /* Build configuration list for PBXNativeTarget "Motive" */ = {
			isa = XCConfigurationList;
			buildConfigurations = (
				89AA09AE2DBEA92900308F1E /* Debug */,
				89AA09AF2DBEA92900308F1E /* Release */,
			);
			defaultConfigurationIsVisible = 0;
			defaultConfigurationName = Release;
		};
		89AA09B02DBEA92900308F1E /* Build configuration list for PBXNativeTarget "MotiveTests" */ = {
			isa = XCConfigurationList;
			buildConfigurations = (
				89AA09B12DBEA92900308F1E /* Debug */,
				89AA09B22DBEA92900308F1E /* Release */,
			);
			defaultConfigurationIsVisible = 0;
			defaultConfigurationName = Release;
		};
		89AA09B32DBEA92900308F1E /* Build configuration list for PBXNativeTarget "MotiveUITests" */ = {
			isa = XCConfigurationList;
			buildConfigurations = (
				89AA09B42DBEA92900308F1E /* Debug */,
				89AA09B52DBEA92900308F1E /* Release */,
			);
			defaultConfigurationIsVisible = 0;
			defaultConfigurationName = Release;
		};
		89FC6ED02DC135990058B906 /* Build configuration list for PBXNativeTarget "MotiveWidgetsExtension" */ = {
			isa = XCConfigurationList;
			buildConfigurations = (
				89FC6ED12DC135990058B906 /* Debug */,
				89FC6ED22DC135990058B906 /* Release */,
			);
			defaultConfigurationIsVisible = 0;
			defaultConfigurationName = Release;
		};
/* End XCConfigurationList section */

/* Begin XCRemoteSwiftPackageReference section */
		89AA09D02DBECA1A00308F1E /* XCRemoteSwiftPackageReference "supabase-swift" */ = {
			isa = XCRemoteSwiftPackageReference;
			repositoryURL = "https://github.com/supabase/supabase-swift.git";
			requirement = {
				kind = upToNextMajorVersion;
				minimumVersion = 2.5.1;
			};
		};
		89AA09DD2DBECA2A00308F1E /* XCRemoteSwiftPackageReference "Superwall-iOS" */ = {
			isa = XCRemoteSwiftPackageReference;
			repositoryURL = "https://github.com/superwall/Superwall-iOS";
			requirement = {
				kind = upToNextMajorVersion;
				minimumVersion = 4.3.0;
			};
		};
/* End XCRemoteSwiftPackageReference section */

/* Begin XCSwiftPackageProductDependency section */
		89AA09D12DBECA1A00308F1E /* Auth */ = {
			isa = XCSwiftPackageProductDependency;
			package = 89AA09D02DBECA1A00308F1E /* XCRemoteSwiftPackageReference "supabase-swift" */;
			productName = Auth;
		};
		89AA09D32DBECA1A00308F1E /* Functions */ = {
			isa = XCSwiftPackageProductDependency;
			package = 89AA09D02DBECA1A00308F1E /* XCRemoteSwiftPackageReference "supabase-swift" */;
			productName = Functions;
		};
		89AA09D52DBECA1A00308F1E /* PostgREST */ = {
			isa = XCSwiftPackageProductDependency;
			package = 89AA09D02DBECA1A00308F1E /* XCRemoteSwiftPackageReference "supabase-swift" */;
			productName = PostgREST;
		};
		89AA09D72DBECA1A00308F1E /* Realtime */ = {
			isa = XCSwiftPackageProductDependency;
			package = 89AA09D02DBECA1A00308F1E /* XCRemoteSwiftPackageReference "supabase-swift" */;
			productName = Realtime;
		};
		89AA09D92DBECA1A00308F1E /* Storage */ = {
			isa = XCSwiftPackageProductDependency;
			package = 89AA09D02DBECA1A00308F1E /* XCRemoteSwiftPackageReference "supabase-swift" */;
			productName = Storage;
		};
		89AA09DB2DBECA1A00308F1E /* Supabase */ = {
			isa = XCSwiftPackageProductDependency;
			package = 89AA09D02DBECA1A00308F1E /* XCRemoteSwiftPackageReference "supabase-swift" */;
			productName = Supabase;
		};
		89AA09DE2DBECA2A00308F1E /* SuperwallKit */ = {
			isa = XCSwiftPackageProductDependency;
			package = 89AA09DD2DBECA2A00308F1E /* XCRemoteSwiftPackageReference "Superwall-iOS" */;
			productName = SuperwallKit;
		};
/* End XCSwiftPackageProductDependency section */
	};
	rootObject = 89AA09842DBEA92800308F1E /* Project object */;
}
